# This file is automatically @generated by Cargo.
# It is not intended for manual editing.
version = 3

[[package]]
name = "heck"
version = "0.3.3"
source = "registry+https://github.com/rust-lang/crates.io-index"
checksum = "6d621efb26863f0e9924c6ac577e8275e5e6b77455db64ffa6c65c904e9e132c"
dependencies = [
 "unicode-segmentation",
]

[[package]]
name = "proc-macro2"
version = "1.0.36"
source = "registry+https://github.com/rust-lang/crates.io-index"
checksum = "c7342d5883fbccae1cc37a2353b09c87c9b0f3afd73f5fb9bba687a1f733b029"
dependencies = [
 "unicode-xid",
]

[[package]]
name = "quote"
version = "1.0.15"
source = "registry+https://github.com/rust-lang/crates.io-index"
checksum = "864d3e96a899863136fc6e99f3d7cae289dafe43bf2c5ac19b70df7210c0a145"
dependencies = [
 "proc-macro2",
]

[[package]]
name = "stop-goguardian"
version = "0.1.0"
dependencies = [
 "windows 0.30.0",
 "winrt-notification",
]

[[package]]
name = "strum"
version = "0.22.0"
source = "registry+https://github.com/rust-lang/crates.io-index"
checksum = "f7ac893c7d471c8a21f31cfe213ec4f6d9afeed25537c772e08ef3f005f8729e"
dependencies = [
 "strum_macros",
]

[[package]]
name = "strum_macros"
version = "0.22.0"
source = "registry+https://github.com/rust-lang/crates.io-index"
checksum = "339f799d8b549e3744c7ac7feb216383e4005d94bdb22561b3ab8f3b808ae9fb"
dependencies = [
 "heck",
 "proc-macro2",
 "quote",
 "syn",
]

[[package]]
name = "syn"
version = "1.0.86"
source = "registry+https://github.com/rust-lang/crates.io-index"
checksum = "8a65b3f4ffa0092e9887669db0eae07941f023991ab58ea44da8fe8e2d511c6b"
dependencies = [
 "proc-macro2",
 "quote",
 "unicode-xid",
]

[[package]]
name = "unicode-segmentation"
version = "1.8.0"
source = "registry+https://github.com/rust-lang/crates.io-index"
checksum = "8895849a949e7845e06bd6dc1aa51731a103c42707010a5b591c0038fb73385b"

[[package]]
name = "unicode-xid"
version = "0.2.2"
source = "registry+https://github.com/rust-lang/crates.io-index"
checksum = "8ccb82d61f80a663efe1f787a51b16b5a51e3314d6ac365b08639f52387b33f3"

[[package]]
name = "windows"
version = "0.24.0"
source = "registry+https://github.com/rust-lang/crates.io-index"
checksum = "a9f39345ae0c8ab072c0ac7fe8a8b411636aa34f89be19ddd0d9226544f13944"
dependencies = [
 "windows_i686_gnu 0.24.0",
 "windows_i686_msvc 0.24.0",
 "windows_x86_64_gnu 0.24.0",
 "windows_x86_64_msvc 0.24.0",
]

[[package]]
name = "windows"
version = "0.30.0"
source = "registry+https://github.com/rust-lang/crates.io-index"
checksum = "b749ebd2304aa012c5992d11a25d07b406bdbe5f79d371cb7a918ce501a19eb0"
dependencies = [
 "windows_aarch64_msvc",
 "windows_i686_gnu 0.30.0",
 "windows_i686_msvc 0.30.0",
 "windows_x86_64_gnu 0.30.0",
 "windows_x86_64_msvc 0.30.0",
]

[[package]]
name = "windows_aarch64_msvc"
version = "0.30.0"
source = "registry+https://github.com/rust-lang/crates.io-index"
checksum = "29277a4435d642f775f63c7d1faeb927adba532886ce0287bd985bffb16b6bca"

[[package]]
name = "windows_i686_gnu"
version = "0.24.0"
source = "registry+https://github.com/rust-lang/crates.io-index"
checksum = "c0866510a3eca9aed73a077490bbbf03e5eaac4e1fd70849d89539e5830501fd"

[[package]]
name = "windows_i686_gnu"
version = "0.30.0"
source = "registry+https://github.com/rust-lang/crates.io-index"
checksum = "1145e1989da93956c68d1864f32fb97c8f561a8f89a5125f6a2b7ea75524e4b8"

[[package]]
name = "windows_i686_msvc"
version = "0.24.0"
source = "registry+https://github.com/rust-lang/crates.io-index"
checksum = "bf0ffed56b7e9369a29078d2ab3aaeceea48eb58999d2cff3aa2494a275b95c6"

[[package]]
name = "windows_i686_msvc"
version = "0.30.0"
source = "registry+https://github.com/rust-lang/crates.io-index"
checksum = "d4a09e3a0d4753b73019db171c1339cd4362c8c44baf1bcea336235e955954a6"

[[package]]
name = "windows_x86_64_gnu"
version = "0.24.0"
source = "registry+https://github.com/rust-lang/crates.io-index"
checksum = "384a173630588044205a2993b6864a2f56e5a8c1e7668c07b93ec18cf4888dc4"

[[package]]
name = "windows_x86_64_gnu"
version = "0.30.0"
source = "registry+https://github.com/rust-lang/crates.io-index"
checksum = "8ca64fcb0220d58db4c119e050e7af03c69e6f4f415ef69ec1773d9aab422d5a"

[[package]]
name = "windows_x86_64_msvc"
version = "0.24.0"
source = "registry+https://github.com/rust-lang/crates.io-index"
checksum = "9bd8f062d8ca5446358159d79a90be12c543b3a965c847c8f3eedf14b321d399"

[[package]]
name = "windows_x86_64_msvc"
version = "0.30.0"
source = "registry+https://github.com/rust-lang/crates.io-index"
checksum = "08cabc9f0066848fef4bc6a1c1668e6efce38b661d2aeec75d18d8617eebb5f1"

[[package]]
name = "winrt-notification"
version = "0.5.1"
source = "registry+https://github.com/rust-lang/crates.io-index"
checksum = "007a0353840b23e0c6dc73e5b962ff58ed7f6bc9ceff3ce7fe6fbad8d496edf4"
dependencies = [
 "strum",
 "windows 0.24.0",
 "xml-rs",
]

[[package]]
name = "xml-rs"
version = "0.8.4"
source = "registry+https://github.com/rust-lang/crates.io-index"
checksum = "d2d7d3948613f75c98fd9328cfdcc45acc4d360655289d0a7d4ec931392200a3"
